
Microsoft Visual Studio Solution File, Format Version 12.00
# Visual Studio 14
VisualStudioVersion = 14.0.24720.0
MinimumVisualStudioVersion = 10.0.40219.1
Project("{FAE04EC0-301F-11D3-BF4B-00C04F79EFBC}") = "NWKC.Alarm.Client", "NWKC.Alarm.Client\NWKC.Alarm.Client.csproj", "{C68F29DA-073C-4054-9752-74BF712EB712}"
EndProject
Project("{FAE04EC0-301F-11D3-BF4B-00C04F79EFBC}") = "NWKC.Alarm.Service", "NWKC.Alarm.Service\NWKC.Alarm.Service.csproj", "{6C25AD76-3180-4A2A-92F0-333076890A0F}"
EndProject
Project("{FAE04EC0-301F-11D3-BF4B-00C04F79EFBC}") = "NWKC.Alarm.Common", "NWKC.Alarm.Common\NWKC.Alarm.Common.csproj", "{921B9A03-BC28-4B41-ACC4-D3E03F3FCBA0}"
EndProject
Global
	GlobalSection(SolutionConfigurationPlatforms) = preSolution
		Debug|Any CPU = Debug|Any CPU
		Release|Any CPU = Release|Any CPU
	EndGlobalSection
	GlobalSection(ProjectConfigurationPlatforms) = postSolution
		{C68F29DA-073C-4054-9752-74BF712EB712}.Debug|Any CPU.ActiveCfg = Debug|Any CPU
		{C68F29DA-073C-4054-9752-74BF712EB712}.Debug|Any CPU.Build.0 = Debug|Any CPU
		{C68F29DA-073C-4054-9752-74BF712EB712}.Release|Any CPU.ActiveCfg = Release|Any CPU
		{C68F29DA-073C-4054-9752-74BF712EB712}.Release|Any CPU.Build.0 = Release|Any CPU
		{6C25AD76-3180-4A2A-92F0-333076890A0F}.Debug|Any CPU.ActiveCfg = Debug|Any CPU
		{6C25AD76-3180-4A2A-92F0-333076890A0F}.Debug|Any CPU.Build.0 = Debug|Any CPU
		{6C25AD76-3180-4A2A-92F0-333076890A0F}.Release|Any CPU.ActiveCfg = Release|Any CPU
		{6C25AD76-3180-4A2A-92F0-333076890A0F}.Release|Any CPU.Build.0 = Release|Any CPU
		{921B9A03-BC28-4B41-ACC4-D3E03F3FCBA0}.Debug|Any CPU.ActiveCfg = Debug|Any CPU
		{921B9A03-BC28-4B41-ACC4-D3E03F3FCBA0}.Debug|Any CPU.Build.0 = Debug|Any CPU
		{921B9A03-BC28-4B41-ACC4-D3E03F3FCBA0}.Release|Any CPU.ActiveCfg = Release|Any CPU
		{921B9A03-BC28-4B41-ACC4-D3E03F3FCBA0}.Release|Any CPU.Build.0 = Release|Any CPU
	EndGlobalSection
	GlobalSection(SolutionProperties) = preSolution
		HideSolutionNode = FALSE
	EndGlobalSection
EndGlobal
